<?xml version="1.0" encoding="utf-8"?>
<Project ToolsVersion="4.0" xmlns="http://schemas.microsoft.com/developer/msbuild/2003">
  <ItemGroup>
    <ClCompile Include="ClientForm.cpp" />
    <ClCompile Include="LoginForm.cpp" />
    <ClCompile Include="PersonalForm.cpp" />
    <ClCompile Include="ProductForm.cpp" />
    <ClCompile Include="ProductsStoreForm.cpp" />
    <ClCompile Include="SalesMainForm.cpp" />
    <ClCompile Include="StoreForm.cpp" />
    <ClCompile Include="DistritForm.cpp" />
    <ClCompile Include="ComboBoxItem.cpp" />
    <ClCompile Include="CategoriesForm.cpp" />
    <ClCompile Include="AssistForm.cpp" />
  </ItemGroup>
  <ItemGroup>
    <ClInclude Include="ClientForm.h" />
    <ClInclude Include="LoginForm.h" />
    <ClInclude Include="ProductsStoreForm.h" />
    <ClInclude Include="SalesMainForm.h" />
    <ClInclude Include="StoreForm.h" />
    <ClInclude Include="ProductForm.h" />
    <ClInclude Include="PersonalForm.h" />
    <ClInclude Include="DistritForm.h" />
    <ClInclude Include="ComboBoxItem.h" />
    <ClInclude Include="CategoriesForm.h" />
    <ClInclude Include="AssistForm.h" />
  </ItemGroup>
</Project>